{
    "name": "masomobana",
    "version": "1.2.7",
    "lockfileVersion": 3,
    "requires": true,
    "packages": {
        "": {
            "name": "masomobana",
            "version": "1.2.7",
            "license": "MIT",
            "dependencies": {
                "@popperjs/core": "2.11.8",
                "bootstrap": "^5.3.0"
            },
            "devDependencies": {
                "@fortawesome/fontawesome-free": "^6.4.0",
                "clipboard": "^2.0.11"
            }
        },
        "node_modules/@fortawesome/fontawesome-free": {
            "version": "6.4.0",
            "resolved": "https://registry.npmjs.org/@fortawesome/fontawesome-free/-/fontawesome-free-6.4.0.tgz",
            "integrity": "sha512-0NyytTlPJwB/BF5LtRV8rrABDbe3TdTXqNB3PdZ+UUUZAEIrdOJdmABqKjt4AXwIoJNaRVVZEXxpNrqvE1GAYQ==",
            "dev": true,
            "hasInstallScript": true,
            "engines": {
                "node": ">=6"
            }
        },
        "node_modules/@popperjs/core": {
            "version": "2.11.8",
            "resolved": "https://registry.npmjs.org/@popperjs/core/-/core-2.11.8.tgz",
            "integrity": "sha512-P1st0aksCrn9sGZhp8GMYwBnQsbvAWsZAX44oXNNvLHGqAOcoVxmjZiohstwQ7SqKnbR47akdNi+uleWD8+g6A==",
            "funding": {
                "type": "opencollective",
                "url": "https://opencollective.com/popperjs"
            }
        },
        "node_modules/bootstrap": {
            "version": "5.3.0",
            "resolved": "https://registry.npmjs.org/bootstrap/-/bootstrap-5.3.0.tgz",
            "integrity": "sha512-UnBV3E3v4STVNQdms6jSGO2CvOkjUMdDAVR2V5N4uCMdaIkaQjbcEAMqRimDHIs4uqBYzDAKCQwCB+97tJgHQw==",
            "funding": [
                {
                    "type": "github",
                    "url": "https://github.com/sponsors/twbs"
                },
                {
                    "type": "opencollective",
                    "url": "https://opencollective.com/bootstrap"
                }
            ],
            "peerDependencies": {
                "@popperjs/core": "^2.11.7"
            }
        },
        "node_modules/clipboard": {
            "version": "2.0.11",
            "resolved": "https://registry.npmjs.org/clipboard/-/clipboard-2.0.11.tgz",
            "integrity": "sha512-C+0bbOqkezLIsmWSvlsXS0Q0bmkugu7jcfMIACB+RDEntIzQIkdr148we28AfSloQLRdZlYL/QYyrq05j/3Faw==",
            "dev": true,
            "dependencies": {
                "good-listener": "^1.2.2",
                "select": "^1.1.2",
                "tiny-emitter": "^2.0.0"
            }
        },
        "node_modules/delegate": {
            "version": "3.2.0",
            "resolved": "https://registry.npmjs.org/delegate/-/delegate-3.2.0.tgz",
            "integrity": "sha512-IofjkYBZaZivn0V8nnsMJGBr4jVLxHDheKSW88PyxS5QC4Vo9ZbZVvhzlSxY87fVq3STR6r+4cGepyHkcWOQSw==",
            "dev": true
        },
        "node_modules/good-listener": {
            "version": "1.2.2",
            "resolved": "https://registry.npmjs.org/good-listener/-/good-listener-1.2.2.tgz",
            "integrity": "sha512-goW1b+d9q/HIwbVYZzZ6SsTr4IgE+WA44A0GmPIQstuOrgsFcT7VEJ48nmr9GaRtNu0XTKacFLGnBPAM6Afouw==",
            "dev": true,
            "dependencies": {
                "delegate": "^3.1.2"
            }
        },
        "node_modules/select": {
            "version": "1.1.2",
            "resolved": "https://registry.npmjs.org/select/-/select-1.1.2.tgz",
            "integrity": "sha512-OwpTSOfy6xSs1+pwcNrv0RBMOzI39Lp3qQKUTPVVPRjCdNa5JH/oPRiqsesIskK8TVgmRiHwO4KXlV2Li9dANA==",
            "dev": true
        },
        "node_modules/tiny-emitter": {
            "version": "2.1.0",
            "resolved": "https://registry.npmjs.org/tiny-emitter/-/tiny-emitter-2.1.0.tgz",
            "integrity": "sha512-NB6Dk1A9xgQPMoGqC5CVXn123gWyte215ONT5Pp5a0yt4nlEoO1ZWeCwpncaekPHXO60i47ihFnZPiRPjRMq4Q==",
            "dev": true
        }
    }
}
